{
  "name": "@melihc/tea-xyz-quest",
  "version": "1.0.0",
  "lockfileVersion": 3,
  "requires": true,
  "packages": {
    "": {
      "name": "@melihc/tea-xyz-quest",
      "version": "1.0.0",
      "license": "ISC"
    }
  },
  "dependencies": {
    "rxjs": {
      "version": "6.2.2",
      "resolved": "https://registry.npmjs.org/rxjs/-/rxjs-6.2.2.tgz",
      "integrity": "sha512-0MI8+mkKAXZUF9vMrEoPnaoHkfzBPP4IGwUYRJhIRJF6/w3uByO1e91bEHn8zd43RdkTMKiooYKmwz7RH6zfOQ==",
      "dev": true,
      "requires": {
        "tslib": "1.9.3"
      }
  }
}
}